// !$*UTF8*$!
{
	archiveVersion = 1;
	classes = {
	};
	objectVersion = 56;
	objects = {

/* Begin PBXBuildFile section */
		75CE26982C8365E00040492F /* WalkMyDogAppApp.swift in Sources */ = {isa = PBXBuildFile; fileRef = 75CE26972C8365E00040492F /* WalkMyDogAppApp.swift */; };
		75CE269A2C8365E00040492F /* LoginView.swift in Sources */ = {isa = PBXBuildFile; fileRef = 75CE26992C8365E00040492F /* LoginView.swift */; };
		75CE269C2C8365E40040492F /* Assets.xcassets in Resources */ = {isa = PBXBuildFile; fileRef = 75CE269B2C8365E40040492F /* Assets.xcassets */; };
		75CE269F2C8365E40040492F /* Preview Assets.xcassets in Resources */ = {isa = PBXBuildFile; fileRef = 75CE269E2C8365E40040492F /* Preview Assets.xcassets */; };
		75CE26A62C8458440040492F /* RegisterView.swift in Sources */ = {isa = PBXBuildFile; fileRef = 75CE26A52C8458440040492F /* RegisterView.swift */; };
		75CE26A82C845A8B0040492F /* MainMenuView.swift in Sources */ = {isa = PBXBuildFile; fileRef = 75CE26A72C845A8B0040492F /* MainMenuView.swift */; };
		75CE26AA2C8465B70040492F /* WalkerView.swift in Sources */ = {isa = PBXBuildFile; fileRef = 75CE26A92C8465B70040492F /* WalkerView.swift */; };
		75CE26AD2C84947B0040492F /* GoogleMaps in Frameworks */ = {isa = PBXBuildFile; productRef = 75CE26AC2C84947B0040492F /* GoogleMaps */; };
		75CE26B32C849ABC0040492F /* JobView.swift in Sources */ = {isa = PBXBuildFile; fileRef = 75CE26B22C849ABC0040492F /* JobView.swift */; };
		75CE26B52C849E520040492F /* GoogleMapView.swift in Sources */ = {isa = PBXBuildFile; fileRef = 75CE26B42C849E520040492F /* GoogleMapView.swift */; };
		75CE26B72C849EE10040492F /* AppDelegate.swift in Sources */ = {isa = PBXBuildFile; fileRef = 75CE26B62C849EE00040492F /* AppDelegate.swift */; };
/* End PBXBuildFile section */

/* Begin PBXFileReference section */
		75CE26942C8365E00040492F /* WalkMyDogApp.app */ = {isa = PBXFileReference; explicitFileType = wrapper.application; includeInIndex = 0; path = WalkMyDogApp.app; sourceTree = BUILT_PRODUCTS_DIR; };
		75CE26972C8365E00040492F /* WalkMyDogAppApp.swift */ = {isa = PBXFileReference; lastKnownFileType = sourcecode.swift; path = WalkMyDogAppApp.swift; sourceTree = "<group>"; };
		75CE26992C8365E00040492F /* LoginView.swift */ = {isa = PBXFileReference; lastKnownFileType = sourcecode.swift; path = LoginView.swift; sourceTree = "<group>"; };
		75CE269B2C8365E40040492F /* Assets.xcassets */ = {isa = PBXFileReference; lastKnownFileType = folder.assetcatalog; path = Assets.xcassets; sourceTree = "<group>"; };
		75CE269E2C8365E40040492F /* Preview Assets.xcassets */ = {isa = PBXFileReference; lastKnownFileType = folder.assetcatalog; path = "Preview Assets.xcassets"; sourceTree = "<group>"; };
		75CE26A52C8458440040492F /* RegisterView.swift */ = {isa = PBXFileReference; lastKnownFileType = sourcecode.swift; path = RegisterView.swift; sourceTree = "<group>"; };
		75CE26A72C845A8B0040492F /* MainMenuView.swift */ = {isa = PBXFileReference; lastKnownFileType = sourcecode.swift; path = MainMenuView.swift; sourceTree = "<group>"; };
		75CE26A92C8465B70040492F /* WalkerView.swift */ = {isa = PBXFileReference; lastKnownFileType = sourcecode.swift; path = WalkerView.swift; sourceTree = "<group>"; };
		75CE26B22C849ABC0040492F /* JobView.swift */ = {isa = PBXFileReference; lastKnownFileType = sourcecode.swift; path = JobView.swift; sourceTree = "<group>"; };
		75CE26B42C849E520040492F /* GoogleMapView.swift */ = {isa = PBXFileReference; lastKnownFileType = sourcecode.swift; path = GoogleMapView.swift; sourceTree = "<group>"; };
		75CE26B62C849EE00040492F /* AppDelegate.swift */ = {isa = PBXFileReference; lastKnownFileType = sourcecode.swift; path = AppDelegate.swift; sourceTree = "<group>"; };
/* End PBXFileReference section */

/* Begin PBXFrameworksBuildPhase section */
		75CE26912C8365E00040492F /* Frameworks */ = {
			isa = PBXFrameworksBuildPhase;
			buildActionMask = 2147483647;
			files = (
				75CE26AD2C84947B0040492F /* GoogleMaps in Frameworks */,
			);
			runOnlyForDeploymentPostprocessing = 0;
		};
/* End PBXFrameworksBuildPhase section */

/* Begin PBXGroup section */
		75CE268B2C8365E00040492F = {
			isa = PBXGroup;
			children = (
				75CE26962C8365E00040492F /* WalkMyDogApp */,
				75CE26952C8365E00040492F /* Products */,
			);
			sourceTree = "<group>";
		};
		75CE26952C8365E00040492F /* Products */ = {
			isa = PBXGroup;
			children = (
				75CE26942C8365E00040492F /* WalkMyDogApp.app */,
			);
			name = Products;
			sourceTree = "<group>";
		};
		75CE26962C8365E00040492F /* WalkMyDogApp */ = {
			isa = PBXGroup;
			children = (
				75CE26972C8365E00040492F /* WalkMyDogAppApp.swift */,
				75CE26992C8365E00040492F /* LoginView.swift */,
				75CE26A52C8458440040492F /* RegisterView.swift */,
				75CE26A72C845A8B0040492F /* MainMenuView.swift */,
				75CE26A92C8465B70040492F /* WalkerView.swift */,
				75CE26B22C849ABC0040492F /* JobView.swift */,
				75CE26B42C849E520040492F /* GoogleMapView.swift */,
				75CE26B62C849EE00040492F /* AppDelegate.swift */,
				75CE269B2C8365E40040492F /* Assets.xcassets */,
				75CE269D2C8365E40040492F /* Preview Content */,
			);
			path = WalkMyDogApp;
			sourceTree = "<group>";
		};
		75CE269D2C8365E40040492F /* Preview Content */ = {
			isa = PBXGroup;
			children = (
				75CE269E2C8365E40040492F /* Preview Assets.xcassets */,
			);
			path = "Preview Content";
			sourceTree = "<group>";
		};
/* End PBXGroup section */

/* Begin PBXNativeTarget section */
		75CE26932C8365E00040492F /* WalkMyDogApp */ = {
			isa = PBXNativeTarget;
			buildConfigurationList = 75CE26A22C8365E40040492F /* Build configuration list for PBXNativeTarget "WalkMyDogApp" */;
			buildPhases = (
				75CE26902C8365E00040492F /* Sources */,
				75CE26912C8365E00040492F /* Frameworks */,
				75CE26922C8365E00040492F /* Resources */,
			);
			buildRules = (
			);
			dependencies = (
			);
			name = WalkMyDogApp;
			packageProductDependencies = (
				75CE26AC2C84947B0040492F /* GoogleMaps */,
			);
			productName = WalkMyDogApp;
			productReference = 75CE26942C8365E00040492F /* WalkMyDogApp.app */;
			productType = "com.apple.product-type.application";
		};
/* End PBXNativeTarget section */

/* Begin PBXProject section */
		75CE268C2C8365E00040492F /* Project object */ = {
			isa = PBXProject;
			attributes = {
				BuildIndependentTargetsInParallel = 1;
				LastSwiftUpdateCheck = 1530;
				LastUpgradeCheck = 1530;
				TargetAttributes = {
					75CE26932C8365E00040492F = {
						CreatedOnToolsVersion = 15.3;
					};
				};
			};
			buildConfigurationList = 75CE268F2C8365E00040492F /* Build configuration list for PBXProject "WalkMyDogApp" */;
			compatibilityVersion = "Xcode 14.0";
			developmentRegion = en;
			hasScannedForEncodings = 0;
			knownRegions = (
				en,
				Base,
			);
			mainGroup = 75CE268B2C8365E00040492F;
			packageReferences = (
				75CE26AB2C84947B0040492F /* XCRemoteSwiftPackageReference "ios-maps-sdk" */,
			);
			productRefGroup = 75CE26952C8365E00040492F /* Products */;
			projectDirPath = "";
			projectRoot = "";
			targets = (
				75CE26932C8365E00040492F /* WalkMyDogApp */,
			);
		};
/* End PBXProject section */

/* Begin PBXResourcesBuildPhase section */
		75CE26922C8365E00040492F /* Resources */ = {
			isa = PBXResourcesBuildPhase;
			buildActionMask = 2147483647;
			files = (
				75CE269F2C8365E40040492F /* Preview Assets.xcassets in Resources */,
				75CE269C2C8365E40040492F /* Assets.xcassets in Resources */,
			);
			runOnlyForDeploymentPostprocessing = 0;
		};
/* End PBXResourcesBuildPhase section */

/* Begin PBXSourcesBuildPhase section */
		75CE26902C8365E00040492F /* Sources */ = {
			isa = PBXSourcesBuildPhase;
			buildActionMask = 2147483647;
			files = (
				75CE26B72C849EE10040492F /* AppDelegate.swift in Sources */,
				75CE26B32C849ABC0040492F /* JobView.swift in Sources */,
				75CE26A62C8458440040492F /* RegisterView.swift in Sources */,
				75CE26AA2C8465B70040492F /* WalkerView.swift in Sources */,
				75CE269A2C8365E00040492F /* LoginView.swift in Sources */,
				75CE26B52C849E520040492F /* GoogleMapView.swift in Sources */,
				75CE26A82C845A8B0040492F /* MainMenuView.swift in Sources */,
				75CE26982C8365E00040492F /* WalkMyDogAppApp.swift in Sources */,
			);
			runOnlyForDeploymentPostprocessing = 0;
		};
/* End PBXSourcesBuildPhase section */

/* Begin XCBuildConfiguration section */
		75CE26A02C8365E40040492F /* Debug */ = {
			isa = XCBuildConfiguration;
			buildSettings = {
				ALWAYS_SEARCH_USER_PATHS = NO;
				ASSETCATALOG_COMPILER_GENERATE_SWIFT_ASSET_SYMBOL_EXTENSIONS = YES;
				CLANG_ANALYZER_NONNULL = YES;
				CLANG_ANALYZER_NUMBER_OBJECT_CONVERSION = YES_AGGRESSIVE;
				CLANG_CXX_LANGUAGE_STANDARD = "gnu++20";
				CLANG_ENABLE_MODULES = YES;
				CLANG_ENABLE_OBJC_ARC = YES;
				CLANG_ENABLE_OBJC_WEAK = YES;
				CLANG_WARN_BLOCK_CAPTURE_AUTORELEASING = YES;
				CLANG_WARN_BOOL_CONVERSION = YES;
				CLANG_WARN_COMMA = YES;
				CLANG_WARN_CONSTANT_CONVERSION = YES;
				CLANG_WARN_DEPRECATED_OBJC_IMPLEMENTATIONS = YES;
				CLANG_WARN_DIRECT_OBJC_ISA_USAGE = YES_ERROR;
				CLANG_WARN_DOCUMENTATION_COMMENTS = YES;
				CLANG_WARN_EMPTY_BODY = YES;
				CLANG_WARN_ENUM_CONVERSION = YES;
				CLANG_WARN_INFINITE_RECURSION = YES;
				CLANG_WARN_INT_CONVERSION = YES;
				CLANG_WARN_NON_LITERAL_NULL_CONVERSION = YES;
				CLANG_WARN_OBJC_IMPLICIT_RETAIN_SELF = YES;
				CLANG_WARN_OBJC_LITERAL_CONVERSION = YES;
				CLANG_WARN_OBJC_ROOT_CLASS = YES_ERROR;
				CLANG_WARN_QUOTED_INCLUDE_IN_FRAMEWORK_HEADER = YES;
				CLANG_WARN_RANGE_LOOP_ANALYSIS = YES;
				CLANG_WARN_STRICT_PROTOTYPES = YES;
				CLANG_WARN_SUSPICIOUS_MOVE = YES;
				CLANG_WARN_UNGUARDED_AVAILABILITY = YES_AGGRESSIVE;
				CLANG_WARN_UNREACHABLE_CODE = YES;
				CLANG_WARN__DUPLICATE_METHOD_MATCH = YES;
				COPY_PHASE_STRIP = NO;
				DEBUG_INFORMATION_FORMAT = dwarf;
				ENABLE_STRICT_OBJC_MSGSEND = YES;
				ENABLE_TESTABILITY = YES;
				ENABLE_USER_SCRIPT_SANDBOXING = YES;
				GCC_C_LANGUAGE_STANDARD = gnu17;
				GCC_DYNAMIC_NO_PIC = NO;
				GCC_NO_COMMON_BLOCKS = YES;
				GCC_OPTIMIZATION_LEVEL = 0;
				GCC_PREPROCESSOR_DEFINITIONS = (
					"DEBUG=1",
					"$(inherited)",
				);
				GCC_WARN_64_TO_32_BIT_CONVERSION = YES;
				GCC_WARN_ABOUT_RETURN_TYPE = YES_ERROR;
				GCC_WARN_UNDECLARED_SELECTOR = YES;
				GCC_WARN_UNINITIALIZED_AUTOS = YES_AGGRESSIVE;
				GCC_WARN_UNUSED_FUNCTION = YES;
				GCC_WARN_UNUSED_VARIABLE = YES;
				IPHONEOS_DEPLOYMENT_TARGET = 17.4;
				LOCALIZATION_PREFERS_STRING_CATALOGS = YES;
				MTL_ENABLE_DEBUG_INFO = INCLUDE_SOURCE;
				MTL_FAST_MATH = YES;
				ONLY_ACTIVE_ARCH = YES;
				SDKROOT = iphoneos;
				SWIFT_ACTIVE_COMPILATION_CONDITIONS = "DEBUG $(inherited)";
				SWIFT_OPTIMIZATION_LEVEL = "-Onone";
			};
			name = Debug;
		};
		75CE26A12C8365E40040492F /* Release */ = {
			isa = XCBuildConfiguration;
			buildSettings = {
				ALWAYS_SEARCH_USER_PATHS = NO;
				ASSETCATALOG_COMPILER_GENERATE_SWIFT_ASSET_SYMBOL_EXTENSIONS = YES;
				CLANG_ANALYZER_NONNULL = YES;
				CLANG_ANALYZER_NUMBER_OBJECT_CONVERSION = YES_AGGRESSIVE;
				CLANG_CXX_LANGUAGE_STANDARD = "gnu++20";
				CLANG_ENABLE_MODULES = YES;
				CLANG_ENABLE_OBJC_ARC = YES;
				CLANG_ENABLE_OBJC_WEAK = YES;
				CLANG_WARN_BLOCK_CAPTURE_AUTORELEASING = YES;
				CLANG_WARN_BOOL_CONVERSION = YES;
				CLANG_WARN_COMMA = YES;
				CLANG_WARN_CONSTANT_CONVERSION = YES;
				CLANG_WARN_DEPRECATED_OBJC_IMPLEMENTATIONS = YES;
				CLANG_WARN_DIRECT_OBJC_ISA_USAGE = YES_ERROR;
				CLANG_WARN_DOCUMENTATION_COMMENTS = YES;
				CLANG_WARN_EMPTY_BODY = YES;
				CLANG_WARN_ENUM_CONVERSION = YES;
				CLANG_WARN_INFINITE_RECURSION = YES;
				CLANG_WARN_INT_CONVERSION = YES;
				CLANG_WARN_NON_LITERAL_NULL_CONVERSION = YES;
				CLANG_WARN_OBJC_IMPLICIT_RETAIN_SELF = YES;
				CLANG_WARN_OBJC_LITERAL_CONVERSION = YES;
				CLANG_WARN_OBJC_ROOT_CLASS = YES_ERROR;
				CLANG_WARN_QUOTED_INCLUDE_IN_FRAMEWORK_HEADER = YES;
				CLANG_WARN_RANGE_LOOP_ANALYSIS = YES;
				CLANG_WARN_STRICT_PROTOTYPES = YES;
				CLANG_WARN_SUSPICIOUS_MOVE = YES;
				CLANG_WARN_UNGUARDED_AVAILABILITY = YES_AGGRESSIVE;
				CLANG_WARN_UNREACHABLE_CODE = YES;
				CLANG_WARN__DUPLICATE_METHOD_MATCH = YES;
				COPY_PHASE_STRIP = NO;
				DEBUG_INFORMATION_FORMAT = "dwarf-with-dsym";
				ENABLE_NS_ASSERTIONS = NO;
				ENABLE_STRICT_OBJC_MSGSEND = YES;
				ENABLE_USER_SCRIPT_SANDBOXING = YES;
				GCC_C_LANGUAGE_STANDARD = gnu17;
				GCC_NO_COMMON_BLOCKS = YES;
				GCC_WARN_64_TO_32_BIT_CONVERSION = YES;
				GCC_WARN_ABOUT_RETURN_TYPE = YES_ERROR;
				GCC_WARN_UNDECLARED_SELECTOR = YES;
				GCC_WARN_UNINITIALIZED_AUTOS = YES_AGGRESSIVE;
				GCC_WARN_UNUSED_FUNCTION = YES;
				GCC_WARN_UNUSED_VARIABLE = YES;
				IPHONEOS_DEPLOYMENT_TARGET = 17.4;
				LOCALIZATION_PREFERS_STRING_CATALOGS = YES;
				MTL_ENABLE_DEBUG_INFO = NO;
				MTL_FAST_MATH = YES;
				SDKROOT = iphoneos;
				SWIFT_COMPILATION_MODE = wholemodule;
				VALIDATE_PRODUCT = YES;
			};
			name = Release;
		};
		75CE26A32C8365E40040492F /* Debug */ = {
			isa = XCBuildConfiguration;
			buildSettings = {
				ASSETCATALOG_COMPILER_APPICON_NAME = AppIcon;
				ASSETCATALOG_COMPILER_GLOBAL_ACCENT_COLOR_NAME = AccentColor;
				CODE_SIGN_STYLE = Automatic;
				CURRENT_PROJECT_VERSION = 1;
				DEVELOPMENT_ASSET_PATHS = "\"WalkMyDogApp/Preview Content\"";
				ENABLE_PREVIEWS = YES;
				GENERATE_INFOPLIST_FILE = YES;
				INFOPLIST_KEY_UIApplicationSceneManifest_Generation = YES;
				INFOPLIST_KEY_UIApplicationSupportsIndirectInputEvents = YES;
				INFOPLIST_KEY_UILaunchScreen_Generation = YES;
				INFOPLIST_KEY_UISupportedInterfaceOrientations_iPad = "UIInterfaceOrientationPortrait UIInterfaceOrientationPortraitUpsideDown UIInterfaceOrientationLandscapeLeft UIInterfaceOrientationLandscapeRight";
				INFOPLIST_KEY_UISupportedInterfaceOrientations_iPhone = "UIInterfaceOrientationPortrait UIInterfaceOrientationLandscapeLeft UIInterfaceOrientationLandscapeRight";
				LD_RUNPATH_SEARCH_PATHS = (
					"$(inherited)",
					"@executable_path/Frameworks",
				);
				MARKETING_VERSION = 1.0;
				PRODUCT_BUNDLE_IDENTIFIER = s3815168.rmit.WalkMyDogApp;
				PRODUCT_NAME = "$(TARGET_NAME)";
				SWIFT_EMIT_LOC_STRINGS = YES;
				SWIFT_VERSION = 5.0;
				TARGETED_DEVICE_FAMILY = "1,2";
			};
			name = Debug;
		};
		75CE26A42C8365E40040492F /* Release */ = {
			isa = XCBuildConfiguration;
			buildSettings = {
				ASSETCATALOG_COMPILER_APPICON_NAME = AppIcon;
				ASSETCATALOG_COMPILER_GLOBAL_ACCENT_COLOR_NAME = AccentColor;
				CODE_SIGN_STYLE = Automatic;
				CURRENT_PROJECT_VERSION = 1;
				DEVELOPMENT_ASSET_PATHS = "\"WalkMyDogApp/Preview Content\"";
				ENABLE_PREVIEWS = YES;
				GENERATE_INFOPLIST_FILE = YES;
				INFOPLIST_KEY_UIApplicationSceneManifest_Generation = YES;
				INFOPLIST_KEY_UIApplicationSupportsIndirectInputEvents = YES;
				INFOPLIST_KEY_UILaunchScreen_Generation = YES;
				INFOPLIST_KEY_UISupportedInterfaceOrientations_iPad = "UIInterfaceOrientationPortrait UIInterfaceOrientationPortraitUpsideDown UIInterfaceOrientationLandscapeLeft UIInterfaceOrientationLandscapeRight";
				INFOPLIST_KEY_UISupportedInterfaceOrientations_iPhone = "UIInterfaceOrientationPortrait UIInterfaceOrientationLandscapeLeft UIInterfaceOrientationLandscapeRight";
				LD_RUNPATH_SEARCH_PATHS = (
					"$(inherited)",
					"@executable_path/Frameworks",
				);
				MARKETING_VERSION = 1.0;
				PRODUCT_BUNDLE_IDENTIFIER = s3815168.rmit.WalkMyDogApp;
				PRODUCT_NAME = "$(TARGET_NAME)";
				SWIFT_EMIT_LOC_STRINGS = YES;
				SWIFT_VERSION = 5.0;
				TARGETED_DEVICE_FAMILY = "1,2";
			};
			name = Release;
		};
/* End XCBuildConfiguration section */

/* Begin XCConfigurationList section */
		75CE268F2C8365E00040492F /* Build configuration list for PBXProject "WalkMyDogApp" */ = {
			isa = XCConfigurationList;
			buildConfigurations = (
				75CE26A02C8365E40040492F /* Debug */,
				75CE26A12C8365E40040492F /* Release */,
			);
			defaultConfigurationIsVisible = 0;
			defaultConfigurationName = Release;
		};
		75CE26A22C8365E40040492F /* Build configuration list for PBXNativeTarget "WalkMyDogApp" */ = {
			isa = XCConfigurationList;
			buildConfigurations = (
				75CE26A32C8365E40040492F /* Debug */,
				75CE26A42C8365E40040492F /* Release */,
			);
			defaultConfigurationIsVisible = 0;
			defaultConfigurationName = Release;
		};
/* End XCConfigurationList section */

/* Begin XCRemoteSwiftPackageReference section */
		75CE26AB2C84947B0040492F /* XCRemoteSwiftPackageReference "ios-maps-sdk" */ = {
			isa = XCRemoteSwiftPackageReference;
			repositoryURL = "https://github.com/googlemaps/ios-maps-sdk";
			requirement = {
				kind = upToNextMajorVersion;
				minimumVersion = 9.1.1;
			};
		};
/* End XCRemoteSwiftPackageReference section */

/* Begin XCSwiftPackageProductDependency section */
		75CE26AC2C84947B0040492F /* GoogleMaps */ = {
			isa = XCSwiftPackageProductDependency;
			package = 75CE26AB2C84947B0040492F /* XCRemoteSwiftPackageReference "ios-maps-sdk" */;
			productName = GoogleMaps;
		};
/* End XCSwiftPackageProductDependency section */
	};
	rootObject = 75CE268C2C8365E00040492F /* Project object */;
}
